# This file is automatically @generated by Cargo.
# It is not intended for manual editing.
version = 4

[[package]]
name = "spm-batch"
version = "0.1.0"
dependencies = [
 "spm-codec-bf16",
 "spm-codec-dense",
 "spm-file",
 "spm-kv",
 "spm-layout",
 "spm-linear",
 "spm-ops",
 "spm-smol",
 "spm-smol-ops",
 "spm-stream",
 "spm-stream-file",
 "spm-stream-groups",
 "spm-stream-mem",
 "spm-stream-metrics",
]

[[package]]
name = "spm-bytes"
version = "0.1.0"

[[package]]
name = "spm-codec"
version = "0.1.0"

[[package]]
name = "spm-codec-any"
version = "0.1.0"
dependencies = [
 "spm-codec-bf16",
 "spm-codec-dense",
 "spm-layout",
]

[[package]]
name = "spm-codec-bf16"
version = "0.1.0"

[[package]]
name = "spm-codec-dense"
version = "0.1.0"

[[package]]
name = "spm-file"
version = "0.1.0"
dependencies = [
 "spm-codec",
 "spm-header",
 "spm-layout",
 "spm-walk",
]

[[package]]
name = "spm-header"
version = "0.1.0"
dependencies = [
 "spm-bytes",
]

[[package]]
name = "spm-kv"
version = "0.1.0"
dependencies = [
 "spm-ops",
]

[[package]]
name = "spm-layout"
version = "0.1.0"
dependencies = [
 "spm-bytes",
]

[[package]]
name = "spm-linear"
version = "0.1.0"
dependencies = [
 "spm-codec-any",
 "spm-stream",
 "spm-stream-groups",
]

[[package]]
name = "spm-ops"
version = "0.1.0"

[[package]]
name = "spm-smol"
version = "0.1.0"
dependencies = [
 "spm-codec-bf16",
 "spm-linear",
 "spm-ops",
 "spm-smol-ops",
 "spm-stream",
 "spm-stream-groups",
]

[[package]]
name = "spm-smol-ops"
version = "0.1.0"
dependencies = [
 "spm-ops",
]

[[package]]
name = "spm-stream"
version = "0.1.0"

[[package]]
name = "spm-stream-file"
version = "0.1.0"
dependencies = [
 "spm-stream",
]

[[package]]
name = "spm-stream-groups"
version = "0.1.0"
dependencies = [
 "spm-codec",
 "spm-header",
 "spm-layout",
 "spm-stream",
 "spm-walk",
]

[[package]]
name = "spm-stream-mem"
version = "0.1.0"
dependencies = [
 "spm-stream",
]

[[package]]
name = "spm-stream-metrics"
version = "0.1.0"

[[package]]
name = "spm-walk"
version = "0.1.0"
dependencies = [
 "spm-layout",
]
