# This file is automatically @generated by Cargo.
# It is not intended for manual editing.
version = 4

[[package]]
name = "spm-accum"
version = "0.1.0"

[[package]]
name = "spm-activations"
version = "0.1.0"

[[package]]
name = "spm-bytes"
version = "0.1.0"

[[package]]
name = "spm-codec"
version = "0.1.0"

[[package]]
name = "spm-file"
version = "0.1.0"
dependencies = [
 "spm-codec",
 "spm-header",
 "spm-layout",
 "spm-walk",
]

[[package]]
name = "spm-gemv-ref"
version = "0.1.0"
dependencies = [
 "spm-accum",
 "spm-activations",
 "spm-codec",
 "spm-file",
 "spm-layout",
 "spm-numeric",
 "spm-stream",
 "spm-stream-file",
 "spm-stream-groups",
 "spm-stream-mem",
 "spm-stream-metrics",
 "spm-vectors",
 "spm-walk",
]

[[package]]
name = "spm-header"
version = "0.1.0"
dependencies = [
 "spm-bytes",
]

[[package]]
name = "spm-layout"
version = "0.1.0"
dependencies = [
 "spm-bytes",
]

[[package]]
name = "spm-numeric"
version = "0.1.0"
dependencies = [
 "spm-codec",
]

[[package]]
name = "spm-stream"
version = "0.1.0"

[[package]]
name = "spm-stream-file"
version = "0.1.0"
dependencies = [
 "spm-stream",
]

[[package]]
name = "spm-stream-groups"
version = "0.1.0"
dependencies = [
 "spm-codec",
 "spm-header",
 "spm-layout",
 "spm-stream",
 "spm-walk",
]

[[package]]
name = "spm-stream-mem"
version = "0.1.0"
dependencies = [
 "spm-stream",
]

[[package]]
name = "spm-stream-metrics"
version = "0.1.0"

[[package]]
name = "spm-vectors"
version = "0.1.0"
dependencies = [
 "spm-codec",
 "spm-layout",
 "spm-numeric",
]

[[package]]
name = "spm-vectors-text"
version = "0.1.0"
dependencies = [
 "spm-codec",
 "spm-layout",
 "spm-numeric",
 "spm-vectors",
]

[[package]]
name = "spm-walk"
version = "0.1.0"
dependencies = [
 "spm-layout",
]
