# This file is automatically @generated by Cargo.
# It is not intended for manual editing.
version = 4

[[package]]
name = "spm-bytes"
version = "0.1.0"

[[package]]
name = "spm-codec"
version = "0.1.0"

[[package]]
name = "spm-file"
version = "0.1.0"
dependencies = [
 "spm-codec",
 "spm-header",
 "spm-layout",
 "spm-walk",
]

[[package]]
name = "spm-header"
version = "0.1.0"
dependencies = [
 "spm-bytes",
]

[[package]]
name = "spm-layout"
version = "0.1.0"
dependencies = [
 "spm-bytes",
]

[[package]]
name = "spm-stream"
version = "0.1.0"

[[package]]
name = "spm-stream-file"
version = "0.1.0"
dependencies = [
 "spm-stream",
 "spm-stream-mem",
]

[[package]]
name = "spm-stream-groups"
version = "0.1.0"
dependencies = [
 "spm-codec",
 "spm-file",
 "spm-header",
 "spm-layout",
 "spm-stream",
 "spm-stream-mem",
 "spm-walk",
]

[[package]]
name = "spm-stream-mem"
version = "0.1.0"
dependencies = [
 "spm-stream",
]

[[package]]
name = "spm-stream-metrics"
version = "0.1.0"

[[package]]
name = "spm-stream-throttle"
version = "0.1.0"
dependencies = [
 "spm-stream",
 "spm-stream-mem",
 "spm-stream-metrics",
]

[[package]]
name = "spm-walk"
version = "0.1.0"
dependencies = [
 "spm-layout",
]
