# This file is automatically @generated by Cargo.
# It is not intended for manual editing.
version = 4

[[package]]
name = "spm-bytes"
version = "0.1.0"

[[package]]
name = "spm-codec"
version = "0.1.0"

[[package]]
name = "spm-codec-any"
version = "0.1.0"
dependencies = [
 "spm-codec-bf16",
 "spm-codec-dense",
 "spm-layout",
]

[[package]]
name = "spm-codec-bf16"
version = "0.1.0"
dependencies = [
 "spm-codec-dense",
]

[[package]]
name = "spm-codec-dense"
version = "0.1.0"

[[package]]
name = "spm-file"
version = "0.1.0"
dependencies = [
 "spm-codec",
 "spm-codec-dense",
 "spm-header",
 "spm-layout",
 "spm-walk",
]

[[package]]
name = "spm-header"
version = "0.1.0"
dependencies = [
 "spm-bytes",
]

[[package]]
name = "spm-layout"
version = "0.1.0"
dependencies = [
 "spm-bytes",
]

[[package]]
name = "spm-walk"
version = "0.1.0"
dependencies = [
 "spm-layout",
]
